// !$*UTF8*$!
{
	archiveVersion = 1;
	classes = {
	};
	objectVersion = 46;
	objects = {

/* Begin PBXBuildFile section */
		CEEFFB101D9549150084C096 /* FlikrPhotosViewController.swift in Sources */ = {isa = PBXBuildFile; fileRef = CEEFFB0F1D9549150084C096 /* FlikrPhotosViewController.swift */; };
		CEEFFB141D954AC50084C096 /* Flickr.swift in Sources */ = {isa = PBXBuildFile; fileRef = CEEFFB111D954AC50084C096 /* Flickr.swift */; };
		CEEFFB151D954AC50084C096 /* FlickrPhoto.swift in Sources */ = {isa = PBXBuildFile; fileRef = CEEFFB121D954AC50084C096 /* FlickrPhoto.swift */; };
		CEEFFB161D954AC50084C096 /* FlickrSearchResults.swift in Sources */ = {isa = PBXBuildFile; fileRef = CEEFFB131D954AC50084C096 /* FlickrSearchResults.swift */; };
		CEF22E0B1D910EBB007C771A /* AppDelegate.swift in Sources */ = {isa = PBXBuildFile; fileRef = CEF22E0A1D910EBB007C771A /* AppDelegate.swift */; };
		CEF22E101D910EBB007C771A /* Main.storyboard in Resources */ = {isa = PBXBuildFile; fileRef = CEF22E0E1D910EBB007C771A /* Main.storyboard */; };
		CEF22E121D910EBB007C771A /* Assets.xcassets in Resources */ = {isa = PBXBuildFile; fileRef = CEF22E111D910EBB007C771A /* Assets.xcassets */; };
		CEF22E151D910EBB007C771A /* LaunchScreen.storyboard in Resources */ = {isa = PBXBuildFile; fileRef = CEF22E131D910EBB007C771A /* LaunchScreen.storyboard */; };
/* End PBXBuildFile section */

/* Begin PBXFileReference section */
		CEEFFB0F1D9549150084C096 /* FlikrPhotosViewController.swift */ = {isa = PBXFileReference; fileEncoding = 4; lastKnownFileType = sourcecode.swift; path = FlikrPhotosViewController.swift; sourceTree = "<group>"; };
		CEEFFB111D954AC50084C096 /* Flickr.swift */ = {isa = PBXFileReference; fileEncoding = 4; lastKnownFileType = sourcecode.swift; path = Flickr.swift; sourceTree = "<group>"; };
		CEEFFB121D954AC50084C096 /* FlickrPhoto.swift */ = {isa = PBXFileReference; fileEncoding = 4; lastKnownFileType = sourcecode.swift; path = FlickrPhoto.swift; sourceTree = "<group>"; };
		CEEFFB131D954AC50084C096 /* FlickrSearchResults.swift */ = {isa = PBXFileReference; fileEncoding = 4; lastKnownFileType = sourcecode.swift; path = FlickrSearchResults.swift; sourceTree = "<group>"; };
		CEF22E071D910EBB007C771A /* FlickrSearch.app */ = {isa = PBXFileReference; explicitFileType = wrapper.application; includeInIndex = 0; path = FlickrSearch.app; sourceTree = BUILT_PRODUCTS_DIR; };
		CEF22E0A1D910EBB007C771A /* AppDelegate.swift */ = {isa = PBXFileReference; lastKnownFileType = sourcecode.swift; path = AppDelegate.swift; sourceTree = "<group>"; };
		CEF22E0F1D910EBB007C771A /* Base */ = {isa = PBXFileReference; lastKnownFileType = file.storyboard; name = Base; path = Base.lproj/Main.storyboard; sourceTree = "<group>"; };
		CEF22E111D910EBB007C771A /* Assets.xcassets */ = {isa = PBXFileReference; lastKnownFileType = folder.assetcatalog; path = Assets.xcassets; sourceTree = "<group>"; };
		CEF22E141D910EBB007C771A /* Base */ = {isa = PBXFileReference; lastKnownFileType = file.storyboard; name = Base; path = Base.lproj/LaunchScreen.storyboard; sourceTree = "<group>"; };
		CEF22E161D910EBB007C771A /* Info.plist */ = {isa = PBXFileReference; lastKnownFileType = text.plist.xml; path = Info.plist; sourceTree = "<group>"; };
/* End PBXFileReference section */

/* Begin PBXFrameworksBuildPhase section */
		CEF22E041D910EBB007C771A /* Frameworks */ = {
			isa = PBXFrameworksBuildPhase;
			buildActionMask = 2147483647;
			files = (
			);
			runOnlyForDeploymentPostprocessing = 0;
		};
/* End PBXFrameworksBuildPhase section */

/* Begin PBXGroup section */
		CEF22DFE1D910EBB007C771A = {
			isa = PBXGroup;
			children = (
				CEF22E091D910EBB007C771A /* FlickrSearch */,
				CEF22E081D910EBB007C771A /* Products */,
			);
			sourceTree = "<group>";
		};
		CEF22E081D910EBB007C771A /* Products */ = {
			isa = PBXGroup;
			children = (
				CEF22E071D910EBB007C771A /* FlickrSearch.app */,
			);
			name = Products;
			sourceTree = "<group>";
		};
		CEF22E091D910EBB007C771A /* FlickrSearch */ = {
			isa = PBXGroup;
			children = (
				CEF22E0A1D910EBB007C771A /* AppDelegate.swift */,
				CEF22E0E1D910EBB007C771A /* Main.storyboard */,
				CEF22E111D910EBB007C771A /* Assets.xcassets */,
				CEF22E131D910EBB007C771A /* LaunchScreen.storyboard */,
				CEF22E161D910EBB007C771A /* Info.plist */,
				CEEFFB0F1D9549150084C096 /* FlikrPhotosViewController.swift */,
				CEEFFB111D954AC50084C096 /* Flickr.swift */,
				CEEFFB121D954AC50084C096 /* FlickrPhoto.swift */,
				CEEFFB131D954AC50084C096 /* FlickrSearchResults.swift */,
			);
			path = FlickrSearch;
			sourceTree = "<group>";
		};
/* End PBXGroup section */

/* Begin PBXNativeTarget section */
		CEF22E061D910EBB007C771A /* FlickrSearch */ = {
			isa = PBXNativeTarget;
			buildConfigurationList = CEF22E191D910EBB007C771A /* Build configuration list for PBXNativeTarget "FlickrSearch" */;
			buildPhases = (
				CEF22E031D910EBB007C771A /* Sources */,
				CEF22E041D910EBB007C771A /* Frameworks */,
				CEF22E051D910EBB007C771A /* Resources */,
			);
			buildRules = (
			);
			dependencies = (
			);
			name = FlickrSearch;
			productName = FlickrSearch;
			productReference = CEF22E071D910EBB007C771A /* FlickrSearch.app */;
			productType = "com.apple.product-type.application";
		};
/* End PBXNativeTarget section */

/* Begin PBXProject section */
		CEF22DFF1D910EBB007C771A /* Project object */ = {
			isa = PBXProject;
			attributes = {
				LastSwiftUpdateCheck = 0800;
				LastUpgradeCheck = 0800;
				ORGANIZATIONNAME = "Andrey Manov";
				TargetAttributes = {
					CEF22E061D910EBB007C771A = {
						CreatedOnToolsVersion = 8.0;
						DevelopmentTeam = 5Q97DR4L59;
						LastSwiftMigration = 0800;
						ProvisioningStyle = Automatic;
					};
				};
			};
			buildConfigurationList = CEF22E021D910EBB007C771A /* Build configuration list for PBXProject "FlickrSearch" */;
			compatibilityVersion = "Xcode 3.2";
			developmentRegion = English;
			hasScannedForEncodings = 0;
			knownRegions = (
				en,
				Base,
			);
			mainGroup = CEF22DFE1D910EBB007C771A;
			productRefGroup = CEF22E081D910EBB007C771A /* Products */;
			projectDirPath = "";
			projectRoot = "";
			targets = (
				CEF22E061D910EBB007C771A /* FlickrSearch */,
			);
		};
/* End PBXProject section */

/* Begin PBXResourcesBuildPhase section */
		CEF22E051D910EBB007C771A /* Resources */ = {
			isa = PBXResourcesBuildPhase;
			buildActionMask = 2147483647;
			files = (
				CEF22E151D910EBB007C771A /* LaunchScreen.storyboard in Resources */,
				CEF22E121D910EBB007C771A /* Assets.xcassets in Resources */,
				CEF22E101D910EBB007C771A /* Main.storyboard in Resources */,
			);
			runOnlyForDeploymentPostprocessing = 0;
		};
/* End PBXResourcesBuildPhase section */

/* Begin PBXSourcesBuildPhase section */
		CEF22E031D910EBB007C771A /* Sources */ = {
			isa = PBXSourcesBuildPhase;
			buildActionMask = 2147483647;
			files = (
				CEEFFB101D9549150084C096 /* FlikrPhotosViewController.swift in Sources */,
				CEEFFB161D954AC50084C096 /* FlickrSearchResults.swift in Sources */,
				CEEFFB151D954AC50084C096 /* FlickrPhoto.swift in Sources */,
				CEEFFB141D954AC50084C096 /* Flickr.swift in Sources */,
				CEF22E0B1D910EBB007C771A /* AppDelegate.swift in Sources */,
			);
			runOnlyForDeploymentPostprocessing = 0;
		};
/* End PBXSourcesBuildPhase section */

/* Begin PBXVariantGroup section */
		CEF22E0E1D910EBB007C771A /* Main.storyboard */ = {
			isa = PBXVariantGroup;
			children = (
				CEF22E0F1D910EBB007C771A /* Base */,
			);
			name = Main.storyboard;
			sourceTree = "<group>";
		};
		CEF22E131D910EBB007C771A /* LaunchScreen.storyboard */ = {
			isa = PBXVariantGroup;
			children = (
				CEF22E141D910EBB007C771A /* Base */,
			);
			name = LaunchScreen.storyboard;
			sourceTree = "<group>";
		};
/* End PBXVariantGroup section */

/* Begin XCBuildConfiguration section */
		CEF22E171D910EBB007C771A /* Debug */ = {
			isa = XCBuildConfiguration;
			buildSettings = {
				ALWAYS_SEARCH_USER_PATHS = NO;
				CLANG_ANALYZER_NONNULL = YES;
				CLANG_CXX_LANGUAGE_STANDARD = "gnu++0x";
				CLANG_CXX_LIBRARY = "libc++";
				CLANG_ENABLE_MODULES = YES;
				CLANG_ENABLE_OBJC_ARC = YES;
				CLANG_WARN_BOOL_CONVERSION = YES;
				CLANG_WARN_CONSTANT_CONVERSION = YES;
				CLANG_WARN_DIRECT_OBJC_ISA_USAGE = YES_ERROR;
				CLANG_WARN_DOCUMENTATION_COMMENTS = YES;
				CLANG_WARN_EMPTY_BODY = YES;
				CLANG_WARN_ENUM_CONVERSION = YES;
				CLANG_WARN_INFINITE_RECURSION = YES;
				CLANG_WARN_INT_CONVERSION = YES;
				CLANG_WARN_OBJC_ROOT_CLASS = YES_ERROR;
				CLANG_WARN_SUSPICIOUS_MOVES = YES;
				CLANG_WARN_UNREACHABLE_CODE = YES;
				CLANG_WARN__DUPLICATE_METHOD_MATCH = YES;
				"CODE_SIGN_IDENTITY[sdk=iphoneos*]" = "iPhone Developer";
				COPY_PHASE_STRIP = NO;
				DEBUG_INFORMATION_FORMAT = dwarf;
				ENABLE_STRICT_OBJC_MSGSEND = YES;
				ENABLE_TESTABILITY = YES;
				GCC_C_LANGUAGE_STANDARD = gnu99;
				GCC_DYNAMIC_NO_PIC = NO;
				GCC_NO_COMMON_BLOCKS = YES;
				GCC_OPTIMIZATION_LEVEL = 0;
				GCC_PREPROCESSOR_DEFINITIONS = (
					"DEBUG=1",
					"$(inherited)",
				);
				GCC_WARN_64_TO_32_BIT_CONVERSION = YES;
				GCC_WARN_ABOUT_RETURN_TYPE = YES_ERROR;
				GCC_WARN_UNDECLARED_SELECTOR = YES;
				GCC_WARN_UNINITIALIZED_AUTOS = YES_AGGRESSIVE;
				GCC_WARN_UNUSED_FUNCTION = YES;
				GCC_WARN_UNUSED_VARIABLE = YES;
				IPHONEOS_DEPLOYMENT_TARGET = 10.0;
				MTL_ENABLE_DEBUG_INFO = YES;
				ONLY_ACTIVE_ARCH = YES;
				SDKROOT = iphoneos;
				SWIFT_ACTIVE_COMPILATION_CONDITIONS = DEBUG;
				SWIFT_OPTIMIZATION_LEVEL = "-Onone";
				TARGETED_DEVICE_FAMILY = "1,2";
			};
			name = Debug;
		};
		CEF22E181D910EBB007C771A /* Release */ = {
			isa = XCBuildConfiguration;
			buildSettings = {
				ALWAYS_SEARCH_USER_PATHS = NO;
				CLANG_ANALYZER_NONNULL = YES;
				CLANG_CXX_LANGUAGE_STANDARD = "gnu++0x";
				CLANG_CXX_LIBRARY = "libc++";
				CLANG_ENABLE_MODULES = YES;
				CLANG_ENABLE_OBJC_ARC = YES;
				CLANG_WARN_BOOL_CONVERSION = YES;
				CLANG_WARN_CONSTANT_CONVERSION = YES;
				CLANG_WARN_DIRECT_OBJC_ISA_USAGE = YES_ERROR;
				CLANG_WARN_DOCUMENTATION_COMMENTS = YES;
				CLANG_WARN_EMPTY_BODY = YES;
				CLANG_WARN_ENUM_CONVERSION = YES;
				CLANG_WARN_INFINITE_RECURSION = YES;
				CLANG_WARN_INT_CONVERSION = YES;
				CLANG_WARN_OBJC_ROOT_CLASS = YES_ERROR;
				CLANG_WARN_SUSPICIOUS_MOVES = YES;
				CLANG_WARN_UNREACHABLE_CODE = YES;
				CLANG_WARN__DUPLICATE_METHOD_MATCH = YES;
				"CODE_SIGN_IDENTITY[sdk=iphoneos*]" = "iPhone Developer";
				COPY_PHASE_STRIP = NO;
				DEBUG_INFORMATION_FORMAT = "dwarf-with-dsym";
				ENABLE_NS_ASSERTIONS = NO;
				ENABLE_STRICT_OBJC_MSGSEND = YES;
				GCC_C_LANGUAGE_STANDARD = gnu99;
				GCC_NO_COMMON_BLOCKS = YES;
				GCC_WARN_64_TO_32_BIT_CONVERSION = YES;
				GCC_WARN_ABOUT_RETURN_TYPE = YES_ERROR;
				GCC_WARN_UNDECLARED_SELECTOR = YES;
				GCC_WARN_UNINITIALIZED_AUTOS = YES_AGGRESSIVE;
				GCC_WARN_UNUSED_FUNCTION = YES;
				GCC_WARN_UNUSED_VARIABLE = YES;
				IPHONEOS_DEPLOYMENT_TARGET = 10.0;
				MTL_ENABLE_DEBUG_INFO = NO;
				SDKROOT = iphoneos;
				SWIFT_OPTIMIZATION_LEVEL = "-Owholemodule";
				TARGETED_DEVICE_FAMILY = "1,2";
				VALIDATE_PRODUCT = YES;
			};
			name = Release;
		};
		CEF22E1A1D910EBB007C771A /* Debug */ = {
			isa = XCBuildConfiguration;
			buildSettings = {
				ASSETCATALOG_COMPILER_APPICON_NAME = AppIcon;
				DEVELOPMENT_TEAM = 5Q97DR4L59;
				INFOPLIST_FILE = FlickrSearch/Info.plist;
				LD_RUNPATH_SEARCH_PATHS = "$(inherited) @executable_path/Frameworks";
				PRODUCT_BUNDLE_IDENTIFIER = com.amanov.FlickrSearch;
				PRODUCT_NAME = "$(TARGET_NAME)";
				SWIFT_VERSION = 3.0;
			};
			name = Debug;
		};
		CEF22E1B1D910EBB007C771A /* Release */ = {
			isa = XCBuildConfiguration;
			buildSettings = {
				ASSETCATALOG_COMPILER_APPICON_NAME = AppIcon;
				DEVELOPMENT_TEAM = 5Q97DR4L59;
				INFOPLIST_FILE = FlickrSearch/Info.plist;
				LD_RUNPATH_SEARCH_PATHS = "$(inherited) @executable_path/Frameworks";
				PRODUCT_BUNDLE_IDENTIFIER = com.amanov.FlickrSearch;
				PRODUCT_NAME = "$(TARGET_NAME)";
				SWIFT_VERSION = 3.0;
			};
			name = Release;
		};
/* End XCBuildConfiguration section */

/* Begin XCConfigurationList section */
		CEF22E021D910EBB007C771A /* Build configuration list for PBXProject "FlickrSearch" */ = {
			isa = XCConfigurationList;
			buildConfigurations = (
				CEF22E171D910EBB007C771A /* Debug */,
				CEF22E181D910EBB007C771A /* Release */,
			);
			defaultConfigurationIsVisible = 0;
			defaultConfigurationName = Release;
		};
		CEF22E191D910EBB007C771A /* Build configuration list for PBXNativeTarget "FlickrSearch" */ = {
			isa = XCConfigurationList;
			buildConfigurations = (
				CEF22E1A1D910EBB007C771A /* Debug */,
				CEF22E1B1D910EBB007C771A /* Release */,
			);
			defaultConfigurationIsVisible = 0;
			defaultConfigurationName = Release;
		};
/* End XCConfigurationList section */
	};
	rootObject = CEF22DFF1D910EBB007C771A /* Project object */;
}
